{
  "name": "passport-module-generator",
  "version": "0.1.0",
  "lockfileVersion": 1,
  "requires": true,
  "dependencies": {
    "sax": {
      "version": "1.2.4",
      "resolved": "https://registry.npmjs.org/sax/-/sax-1.2.4.tgz",
      "integrity": "sha512-NqVDv9TpANUjFm0N8uM5GxL36UgKi9/atZw+x7YFnQ8ckwFGKrl4xX4yWtrey3UJm5nP1kUbnYgLopqWNSRhWw=="
    },
    "xml-js": {
      "version": "1.6.1",
      "resolved": "https://registry.npmjs.org/xml-js/-/xml-js-1.6.1.tgz",
      "integrity": "sha512-B+T4q7tnF5PfBAb29EXR93+j7wWsPoiejD1QgJJOP0jkovrPmYr83zcf6kfZJ+oKqQyMJlYoeCJxXMBtL+UMFA==",
      "requires": {
        "sax": "1.2.4"
      }
    }
  }
}
